
Microsoft Visual Studio Solution File, Format Version 12.00
# Visual Studio Express 2013 for Windows Desktop
VisualStudioVersion = 12.0.21005.1
MinimumVisualStudioVersion = 10.0.40219.1
Project("{8BC9CEB8-8B4A-11D0-8D11-00A0C91BC942}") = "app", "app\app.vcxproj", "{FB82AB6D-FB7F-400F-ABB8-5BD714F21DC6}"
EndProject
Project("{8BC9CEB8-8B4A-11D0-8D11-00A0C91BC942}") = "audio", "audio\audio.vcxproj", "{DB1ACF9D-419F-423B-89DD-FA54CAC4F93C}"
EndProject
Project("{8BC9CEB8-8B4A-11D0-8D11-00A0C91BC942}") = "bank", "bank\bank.vcxproj", "{A0FB78AE-66B3-4F66-8CC0-22F5F77A8BF8}"
EndProject
Project("{8BC9CEB8-8B4A-11D0-8D11-00A0C91BC942}") = "bblaunch", "bblaunch\bblaunch.vcxproj", "{A5498E21-442F-490E-96F4-376370DF999D}"
EndProject
Project("{8BC9CEB8-8B4A-11D0-8D11-00A0C91BC942}") = "blitz2d", "blitz2d\blitz2d.vcxproj", "{2C444912-4BE3-4CD1-BD9D-9FAE8D8D2B14}"
EndProject
Project("{8BC9CEB8-8B4A-11D0-8D11-00A0C91BC942}") = "blitzcc", "blitzcc\blitzcc.vcxproj", "{E8ADB36F-E676-4384-957F-AC50F212B817}"
EndProject
Project("{8BC9CEB8-8B4A-11D0-8D11-00A0C91BC942}") = "blitzplus", "blitzplus\blitzplus.vcxproj", "{8086BCAB-4759-4AE5-92A6-E36D32B643D0}"
EndProject
Project("{8BC9CEB8-8B4A-11D0-8D11-00A0C91BC942}") = "canvas", "canvas\canvas.vcxproj", "{EAF2654C-637C-429D-AE21-ED5318583851}"
EndProject
Project("{8BC9CEB8-8B4A-11D0-8D11-00A0C91BC942}") = "debug", "debug\debug.vcxproj", "{11191A4F-CE00-4542-98BA-273E6752A95E}"
EndProject
Project("{8BC9CEB8-8B4A-11D0-8D11-00A0C91BC942}") = "debugger", "debugger\debugger.vcxproj", "{88E4311F-B354-4FA1-999B-7E0352E0BF82}"
EndProject
Project("{8BC9CEB8-8B4A-11D0-8D11-00A0C91BC942}") = "event", "event\event.vcxproj", "{10FB74EF-70E0-48B0-ABB2-5A01F480853E}"
EndProject
Project("{8BC9CEB8-8B4A-11D0-8D11-00A0C91BC942}") = "filesys", "filesys\filesys.vcxproj", "{6F50B565-8D87-4E52-865E-2D9600925C21}"
EndProject
Project("{8BC9CEB8-8B4A-11D0-8D11-00A0C91BC942}") = "font", "font\font.vcxproj", "{C54540FC-69F7-4064-B5AE-A66DA4EDEA8C}"
EndProject
Project("{8BC9CEB8-8B4A-11D0-8D11-00A0C91BC942}") = "graphics", "graphics\graphics.vcxproj", "{3D9C7076-BE93-4F29-B399-26524681A769}"
EndProject
Project("{8BC9CEB8-8B4A-11D0-8D11-00A0C91BC942}") = "grdriver", "grdriver\grdriver.vcxproj", "{2D535CDA-D5A1-4D16-8AB5-C251721E99EA}"
EndProject
Project("{8BC9CEB8-8B4A-11D0-8D11-00A0C91BC942}") = "grdriver2d", "grdriver2d\grdriver2d.vcxproj", "{1C636A18-9042-47A9-9D88-C15B35C37337}"
EndProject
Project("{8BC9CEB8-8B4A-11D0-8D11-00A0C91BC942}") = "gui", "gui\gui.vcxproj", "{ACB1AF2A-6F9F-4858-9089-BA6438EC94EA}"
EndProject
Project("{8BC9CEB8-8B4A-11D0-8D11-00A0C91BC942}") = "ide", "ide\ide.vcxproj", "{61514A90-5043-4D86-AA0F-FEA162735C38}"
EndProject
Project("{8BC9CEB8-8B4A-11D0-8D11-00A0C91BC942}") = "joystick", "joystick\joystick.vcxproj", "{4D3B5604-10CF-4F9A-856A-FD54CD3DEE5F}"
EndProject
Project("{8BC9CEB8-8B4A-11D0-8D11-00A0C91BC942}") = "linker", "linker\linker.vcxproj", "{1A434B1A-4A31-4DD9-B0F0-E1DF1439D0C0}"
EndProject
Project("{8BC9CEB8-8B4A-11D0-8D11-00A0C91BC942}") = "math", "math\math.vcxproj", "{0B2FB9DA-EE48-4BFE-8472-E9E684F803C0}"
EndProject
Project("{8BC9CEB8-8B4A-11D0-8D11-00A0C91BC942}") = "module", "module\module.vcxproj", "{10353E7D-E569-4F0B-A508-CF9ABD789757}"
EndProject
Project("{8BC9CEB8-8B4A-11D0-8D11-00A0C91BC942}") = "movie", "movie\movie.vcxproj", "{F893DFE7-13FE-48D5-B9BE-E5EC123FDA7B}"
EndProject
Project("{8BC9CEB8-8B4A-11D0-8D11-00A0C91BC942}") = "object", "object\object.vcxproj", "{A33C4E6C-C62C-49EC-BEE8-BA563D9C6DEE}"
EndProject
Project("{8BC9CEB8-8B4A-11D0-8D11-00A0C91BC942}") = "opengl", "opengl\opengl.vcxproj", "{5A2C70BB-1951-4230-AE8C-5BB081241D5E}"
EndProject
Project("{8BC9CEB8-8B4A-11D0-8D11-00A0C91BC942}") = "process", "process\process.vcxproj", "{3BEF0ED0-2A7E-4C09-BB13-880F016017CC}"
EndProject
Project("{8BC9CEB8-8B4A-11D0-8D11-00A0C91BC942}") = "rsource", "rsource\rsource.vcxproj", "{B2606ADB-36FB-4482-948F-A60973C06C3E}"
EndProject
Project("{8BC9CEB8-8B4A-11D0-8D11-00A0C91BC942}") = "screen", "screen\screen.vcxproj", "{76AC3D9B-4EDB-4C5B-9A91-D4330A2C0E9E}"
EndProject
Project("{8BC9CEB8-8B4A-11D0-8D11-00A0C91BC942}") = "stream", "stream\stream.vcxproj", "{04DA4582-5AC8-4378-842F-6B4D5FFF786E}"
EndProject
Project("{8BC9CEB8-8B4A-11D0-8D11-00A0C91BC942}") = "string", "string\string.vcxproj", "{B14D69BC-BE23-47CB-8581-2166987F21B5}"
EndProject
Project("{8BC9CEB8-8B4A-11D0-8D11-00A0C91BC942}") = "tcpip", "tcpip\tcpip.vcxproj", "{9FB5647A-5198-4C8F-AEDB-D1DD7F15E1E3}"
EndProject
Project("{8BC9CEB8-8B4A-11D0-8D11-00A0C91BC942}") = "time", "time\time.vcxproj", "{FC4328D5-8E56-4648-A5AC-188564702CB6}"
EndProject
Project("{8BC9CEB8-8B4A-11D0-8D11-00A0C91BC942}") = "timer", "timer\timer.vcxproj", "{002A4176-8876-41B1-8EED-26F201D4A54B}"
EndProject
Project("{8BC9CEB8-8B4A-11D0-8D11-00A0C91BC942}") = "visual", "visual\visual.vcxproj", "{067FF2B0-4E7D-4F95-B819-FB58DB58BCC0}"
EndProject
Project("{8BC9CEB8-8B4A-11D0-8D11-00A0C91BC942}") = "win32canvas", "win32canvas\win32canvas.vcxproj", "{06A014CC-21CC-4F6A-81DB-76587B613004}"
EndProject
Project("{8BC9CEB8-8B4A-11D0-8D11-00A0C91BC942}") = "win32dd", "win32dd\win32dd.vcxproj", "{FE95AA7A-1280-4470-9D79-0CFC7389A1CC}"
EndProject
Project("{8BC9CEB8-8B4A-11D0-8D11-00A0C91BC942}") = "win32ddcanvas", "win32ddcanvas\win32ddcanvas.vcxproj", "{A0BD3F32-6725-4B47-8CF1-E6B2E905C223}"
EndProject
Project("{8BC9CEB8-8B4A-11D0-8D11-00A0C91BC942}") = "win32ddgrdriver2d", "win32ddgrdriver2d\win32ddgrdriver2d.vcxproj", "{0ABBE330-1256-4065-9C43-84468AEE05B4}"
EndProject
Project("{8BC9CEB8-8B4A-11D0-8D11-00A0C91BC942}") = "win32ddscreen", "win32ddscreen\win32ddscreen.vcxproj", "{2F961DC5-DDC5-4613-9D8F-437328E6AE4A}"
EndProject
Project("{8BC9CEB8-8B4A-11D0-8D11-00A0C91BC942}") = "win32dib", "win32dib\win32dib.vcxproj", "{43F2F9BC-E576-4D7D-89E1-32F8ACE7C425}"
EndProject
Project("{8BC9CEB8-8B4A-11D0-8D11-00A0C91BC942}") = "win32dpnetgame", "win32dpnetgame\win32dpnetgame.vcxproj", "{5F491A18-10F1-4E74-A773-35069EB4E539}"
EndProject
Project("{8BC9CEB8-8B4A-11D0-8D11-00A0C91BC942}") = "win32dsmovie", "win32dsmovie\win32dsmovie.vcxproj", "{1F36223D-E641-447D-9C62-B174539DA3E6}"
EndProject
Project("{8BC9CEB8-8B4A-11D0-8D11-00A0C91BC942}") = "win32event", "win32event\win32event.vcxproj", "{0FD9DB4D-6FDB-470A-8B47-10D28E8790A4}"
EndProject
Project("{8BC9CEB8-8B4A-11D0-8D11-00A0C91BC942}") = "win32font", "win32font\win32font.vcxproj", "{4D13D4C9-36BA-4D35-B6CF-18CB921E94CF}"
EndProject
Project("{8BC9CEB8-8B4A-11D0-8D11-00A0C91BC942}") = "win32gdi", "win32gdi\win32gdi.vcxproj", "{FAC980F4-0C05-48CD-A4A7-434284A32DDB}"
EndProject
Project("{8BC9CEB8-8B4A-11D0-8D11-00A0C91BC942}") = "win32gdicanvas", "win32gdicanvas\win32gdicanvas.vcxproj", "{43B67F68-A4BA-4A7C-B88A-08805884AB62}"
EndProject
Project("{8BC9CEB8-8B4A-11D0-8D11-00A0C91BC942}") = "win32gdigrdriver2d", "win32gdigrdriver2d\win32gdigrdriver2d.vcxproj", "{9AC61923-EDF5-4AFD-9E11-62A3C6CB38B4}"
EndProject
Project("{8BC9CEB8-8B4A-11D0-8D11-00A0C91BC942}") = "win32gdiscreen", "win32gdiscreen\win32gdiscreen.vcxproj", "{EFC2CEE2-0239-4ADC-B353-CCF97718693F}"
EndProject
Project("{8BC9CEB8-8B4A-11D0-8D11-00A0C91BC942}") = "win32gl", "win32gl\win32gl.vcxproj", "{A2E2D1FF-C164-4520-BC29-E1A3D82AAB86}"
EndProject
Project("{8BC9CEB8-8B4A-11D0-8D11-00A0C91BC942}") = "win32glcanvas", "win32glcanvas\win32glcanvas.vcxproj", "{29D92760-AD7D-47EF-803A-5A69EA8FE9A5}"
EndProject
Project("{8BC9CEB8-8B4A-11D0-8D11-00A0C91BC942}") = "win32glgrdriver2d", "win32glgrdriver2d\win32glgrdriver2d.vcxproj", "{9376D8C3-61A8-46D8-A168-606BA6FD5E29}"
EndProject
Project("{8BC9CEB8-8B4A-11D0-8D11-00A0C91BC942}") = "win32glscreen", "win32glscreen\win32glscreen.vcxproj", "{9D1ECEC5-DAF7-4021-9DB4-0B64CDC532A6}"
EndProject
Project("{8BC9CEB8-8B4A-11D0-8D11-00A0C91BC942}") = "win32gui", "win32gui\win32gui.vcxproj", "{CBF434CD-883D-4CA8-ACF7-741C45BEC6DB}"
EndProject
Project("{8BC9CEB8-8B4A-11D0-8D11-00A0C91BC942}") = "win32hwnd", "win32hwnd\win32hwnd.vcxproj", "{645250C0-63D8-4742-ADB3-8C1F22BF71DC}"
EndProject
Project("{8BC9CEB8-8B4A-11D0-8D11-00A0C91BC942}") = "win32screen", "win32screen\win32screen.vcxproj", "{C26C3BDC-9551-473D-9606-B84F7D4D8768}"
EndProject
Project("{8BC9CEB8-8B4A-11D0-8D11-00A0C91BC942}") = "win32timer", "win32timer\win32timer.vcxproj", "{531D0C7D-79D1-427D-8FE2-53F78B93D154}"
EndProject
Global
	GlobalSection(SolutionConfigurationPlatforms) = preSolution
		Debug|Win32 = Debug|Win32
		Release|Win32 = Release|Win32
	EndGlobalSection
	GlobalSection(ProjectConfigurationPlatforms) = postSolution
		{FB82AB6D-FB7F-400F-ABB8-5BD714F21DC6}.Debug|Win32.ActiveCfg = Debug|Win32
		{FB82AB6D-FB7F-400F-ABB8-5BD714F21DC6}.Debug|Win32.Build.0 = Debug|Win32
		{FB82AB6D-FB7F-400F-ABB8-5BD714F21DC6}.Release|Win32.ActiveCfg = Release|Win32
		{FB82AB6D-FB7F-400F-ABB8-5BD714F21DC6}.Release|Win32.Build.0 = Release|Win32
		{DB1ACF9D-419F-423B-89DD-FA54CAC4F93C}.Debug|Win32.ActiveCfg = Debug|Win32
		{DB1ACF9D-419F-423B-89DD-FA54CAC4F93C}.Debug|Win32.Build.0 = Debug|Win32
		{DB1ACF9D-419F-423B-89DD-FA54CAC4F93C}.Release|Win32.ActiveCfg = Release|Win32
		{DB1ACF9D-419F-423B-89DD-FA54CAC4F93C}.Release|Win32.Build.0 = Release|Win32
		{A0FB78AE-66B3-4F66-8CC0-22F5F77A8BF8}.Debug|Win32.ActiveCfg = Debug|Win32
		{A0FB78AE-66B3-4F66-8CC0-22F5F77A8BF8}.Debug|Win32.Build.0 = Debug|Win32
		{A0FB78AE-66B3-4F66-8CC0-22F5F77A8BF8}.Release|Win32.ActiveCfg = Release|Win32
		{A0FB78AE-66B3-4F66-8CC0-22F5F77A8BF8}.Release|Win32.Build.0 = Release|Win32
		{A5498E21-442F-490E-96F4-376370DF999D}.Debug|Win32.ActiveCfg = Debug|Win32
		{A5498E21-442F-490E-96F4-376370DF999D}.Debug|Win32.Build.0 = Debug|Win32
		{A5498E21-442F-490E-96F4-376370DF999D}.Release|Win32.ActiveCfg = Release|Win32
		{A5498E21-442F-490E-96F4-376370DF999D}.Release|Win32.Build.0 = Release|Win32
		{2C444912-4BE3-4CD1-BD9D-9FAE8D8D2B14}.Debug|Win32.ActiveCfg = Debug|Win32
		{2C444912-4BE3-4CD1-BD9D-9FAE8D8D2B14}.Debug|Win32.Build.0 = Debug|Win32
		{2C444912-4BE3-4CD1-BD9D-9FAE8D8D2B14}.Release|Win32.ActiveCfg = Release|Win32
		{2C444912-4BE3-4CD1-BD9D-9FAE8D8D2B14}.Release|Win32.Build.0 = Release|Win32
		{E8ADB36F-E676-4384-957F-AC50F212B817}.Debug|Win32.ActiveCfg = Debug|Win32
		{E8ADB36F-E676-4384-957F-AC50F212B817}.Debug|Win32.Build.0 = Debug|Win32
		{E8ADB36F-E676-4384-957F-AC50F212B817}.Release|Win32.ActiveCfg = Release|Win32
		{E8ADB36F-E676-4384-957F-AC50F212B817}.Release|Win32.Build.0 = Release|Win32
		{8086BCAB-4759-4AE5-92A6-E36D32B643D0}.Debug|Win32.ActiveCfg = Debug|Win32
		{8086BCAB-4759-4AE5-92A6-E36D32B643D0}.Debug|Win32.Build.0 = Debug|Win32
		{8086BCAB-4759-4AE5-92A6-E36D32B643D0}.Release|Win32.ActiveCfg = Release|Win32
		{8086BCAB-4759-4AE5-92A6-E36D32B643D0}.Release|Win32.Build.0 = Release|Win32
		{EAF2654C-637C-429D-AE21-ED5318583851}.Debug|Win32.ActiveCfg = Debug|Win32
		{EAF2654C-637C-429D-AE21-ED5318583851}.Debug|Win32.Build.0 = Debug|Win32
		{EAF2654C-637C-429D-AE21-ED5318583851}.Release|Win32.ActiveCfg = Release|Win32
		{EAF2654C-637C-429D-AE21-ED5318583851}.Release|Win32.Build.0 = Release|Win32
		{11191A4F-CE00-4542-98BA-273E6752A95E}.Debug|Win32.ActiveCfg = Debug|Win32
		{11191A4F-CE00-4542-98BA-273E6752A95E}.Debug|Win32.Build.0 = Debug|Win32
		{11191A4F-CE00-4542-98BA-273E6752A95E}.Release|Win32.ActiveCfg = Release|Win32
		{11191A4F-CE00-4542-98BA-273E6752A95E}.Release|Win32.Build.0 = Release|Win32
		{88E4311F-B354-4FA1-999B-7E0352E0BF82}.Debug|Win32.ActiveCfg = Debug|Win32
		{88E4311F-B354-4FA1-999B-7E0352E0BF82}.Debug|Win32.Build.0 = Debug|Win32
		{88E4311F-B354-4FA1-999B-7E0352E0BF82}.Release|Win32.ActiveCfg = Release|Win32
		{88E4311F-B354-4FA1-999B-7E0352E0BF82}.Release|Win32.Build.0 = Release|Win32
		{10FB74EF-70E0-48B0-ABB2-5A01F480853E}.Debug|Win32.ActiveCfg = Debug|Win32
		{10FB74EF-70E0-48B0-ABB2-5A01F480853E}.Debug|Win32.Build.0 = Debug|Win32
		{10FB74EF-70E0-48B0-ABB2-5A01F480853E}.Release|Win32.ActiveCfg = Release|Win32
		{10FB74EF-70E0-48B0-ABB2-5A01F480853E}.Release|Win32.Build.0 = Release|Win32
		{6F50B565-8D87-4E52-865E-2D9600925C21}.Debug|Win32.ActiveCfg = Debug|Win32
		{6F50B565-8D87-4E52-865E-2D9600925C21}.Debug|Win32.Build.0 = Debug|Win32
		{6F50B565-8D87-4E52-865E-2D9600925C21}.Release|Win32.ActiveCfg = Release|Win32
		{6F50B565-8D87-4E52-865E-2D9600925C21}.Release|Win32.Build.0 = Release|Win32
		{C54540FC-69F7-4064-B5AE-A66DA4EDEA8C}.Debug|Win32.ActiveCfg = Debug|Win32
		{C54540FC-69F7-4064-B5AE-A66DA4EDEA8C}.Debug|Win32.Build.0 = Debug|Win32
		{C54540FC-69F7-4064-B5AE-A66DA4EDEA8C}.Release|Win32.ActiveCfg = Release|Win32
		{C54540FC-69F7-4064-B5AE-A66DA4EDEA8C}.Release|Win32.Build.0 = Release|Win32
		{3D9C7076-BE93-4F29-B399-26524681A769}.Debug|Win32.ActiveCfg = Debug|Win32
		{3D9C7076-BE93-4F29-B399-26524681A769}.Debug|Win32.Build.0 = Debug|Win32
		{3D9C7076-BE93-4F29-B399-26524681A769}.Release|Win32.ActiveCfg = Release|Win32
		{3D9C7076-BE93-4F29-B399-26524681A769}.Release|Win32.Build.0 = Release|Win32
		{2D535CDA-D5A1-4D16-8AB5-C251721E99EA}.Debug|Win32.ActiveCfg = Debug|Win32
		{2D535CDA-D5A1-4D16-8AB5-C251721E99EA}.Debug|Win32.Build.0 = Debug|Win32
		{2D535CDA-D5A1-4D16-8AB5-C251721E99EA}.Release|Win32.ActiveCfg = Release|Win32
		{2D535CDA-D5A1-4D16-8AB5-C251721E99EA}.Release|Win32.Build.0 = Release|Win32
		{1C636A18-9042-47A9-9D88-C15B35C37337}.Debug|Win32.ActiveCfg = Debug|Win32
		{1C636A18-9042-47A9-9D88-C15B35C37337}.Debug|Win32.Build.0 = Debug|Win32
		{1C636A18-9042-47A9-9D88-C15B35C37337}.Release|Win32.ActiveCfg = Release|Win32
		{1C636A18-9042-47A9-9D88-C15B35C37337}.Release|Win32.Build.0 = Release|Win32
		{ACB1AF2A-6F9F-4858-9089-BA6438EC94EA}.Debug|Win32.ActiveCfg = Debug|Win32
		{ACB1AF2A-6F9F-4858-9089-BA6438EC94EA}.Debug|Win32.Build.0 = Debug|Win32
		{ACB1AF2A-6F9F-4858-9089-BA6438EC94EA}.Release|Win32.ActiveCfg = Release|Win32
		{ACB1AF2A-6F9F-4858-9089-BA6438EC94EA}.Release|Win32.Build.0 = Release|Win32
		{61514A90-5043-4D86-AA0F-FEA162735C38}.Debug|Win32.ActiveCfg = Debug|Win32
		{61514A90-5043-4D86-AA0F-FEA162735C38}.Debug|Win32.Build.0 = Debug|Win32
		{61514A90-5043-4D86-AA0F-FEA162735C38}.Release|Win32.ActiveCfg = Release|Win32
		{61514A90-5043-4D86-AA0F-FEA162735C38}.Release|Win32.Build.0 = Release|Win32
		{4D3B5604-10CF-4F9A-856A-FD54CD3DEE5F}.Debug|Win32.ActiveCfg = Debug|Win32
		{4D3B5604-10CF-4F9A-856A-FD54CD3DEE5F}.Debug|Win32.Build.0 = Debug|Win32
		{4D3B5604-10CF-4F9A-856A-FD54CD3DEE5F}.Release|Win32.ActiveCfg = Release|Win32
		{4D3B5604-10CF-4F9A-856A-FD54CD3DEE5F}.Release|Win32.Build.0 = Release|Win32
		{1A434B1A-4A31-4DD9-B0F0-E1DF1439D0C0}.Debug|Win32.ActiveCfg = Debug|Win32
		{1A434B1A-4A31-4DD9-B0F0-E1DF1439D0C0}.Debug|Win32.Build.0 = Debug|Win32
		{1A434B1A-4A31-4DD9-B0F0-E1DF1439D0C0}.Release|Win32.ActiveCfg = Release|Win32
		{1A434B1A-4A31-4DD9-B0F0-E1DF1439D0C0}.Release|Win32.Build.0 = Release|Win32
		{0B2FB9DA-EE48-4BFE-8472-E9E684F803C0}.Debug|Win32.ActiveCfg = Debug|Win32
		{0B2FB9DA-EE48-4BFE-8472-E9E684F803C0}.Debug|Win32.Build.0 = Debug|Win32
		{0B2FB9DA-EE48-4BFE-8472-E9E684F803C0}.Release|Win32.ActiveCfg = Release|Win32
		{0B2FB9DA-EE48-4BFE-8472-E9E684F803C0}.Release|Win32.Build.0 = Release|Win32
		{10353E7D-E569-4F0B-A508-CF9ABD789757}.Debug|Win32.ActiveCfg = Debug|Win32
		{10353E7D-E569-4F0B-A508-CF9ABD789757}.Debug|Win32.Build.0 = Debug|Win32
		{10353E7D-E569-4F0B-A508-CF9ABD789757}.Release|Win32.ActiveCfg = Release|Win32
		{10353E7D-E569-4F0B-A508-CF9ABD789757}.Release|Win32.Build.0 = Release|Win32
		{F893DFE7-13FE-48D5-B9BE-E5EC123FDA7B}.Debug|Win32.ActiveCfg = Debug|Win32
		{F893DFE7-13FE-48D5-B9BE-E5EC123FDA7B}.Debug|Win32.Build.0 = Debug|Win32
		{F893DFE7-13FE-48D5-B9BE-E5EC123FDA7B}.Release|Win32.ActiveCfg = Release|Win32
		{F893DFE7-13FE-48D5-B9BE-E5EC123FDA7B}.Release|Win32.Build.0 = Release|Win32
		{A33C4E6C-C62C-49EC-BEE8-BA563D9C6DEE}.Debug|Win32.ActiveCfg = Debug|Win32
		{A33C4E6C-C62C-49EC-BEE8-BA563D9C6DEE}.Debug|Win32.Build.0 = Debug|Win32
		{A33C4E6C-C62C-49EC-BEE8-BA563D9C6DEE}.Release|Win32.ActiveCfg = Release|Win32
		{A33C4E6C-C62C-49EC-BEE8-BA563D9C6DEE}.Release|Win32.Build.0 = Release|Win32
		{5A2C70BB-1951-4230-AE8C-5BB081241D5E}.Debug|Win32.ActiveCfg = Debug|Win32
		{5A2C70BB-1951-4230-AE8C-5BB081241D5E}.Debug|Win32.Build.0 = Debug|Win32
		{5A2C70BB-1951-4230-AE8C-5BB081241D5E}.Release|Win32.ActiveCfg = Release|Win32
		{5A2C70BB-1951-4230-AE8C-5BB081241D5E}.Release|Win32.Build.0 = Release|Win32
		{3BEF0ED0-2A7E-4C09-BB13-880F016017CC}.Debug|Win32.ActiveCfg = Debug|Win32
		{3BEF0ED0-2A7E-4C09-BB13-880F016017CC}.Debug|Win32.Build.0 = Debug|Win32
		{3BEF0ED0-2A7E-4C09-BB13-880F016017CC}.Release|Win32.ActiveCfg = Release|Win32
		{3BEF0ED0-2A7E-4C09-BB13-880F016017CC}.Release|Win32.Build.0 = Release|Win32
		{B2606ADB-36FB-4482-948F-A60973C06C3E}.Debug|Win32.ActiveCfg = Debug|Win32
		{B2606ADB-36FB-4482-948F-A60973C06C3E}.Debug|Win32.Build.0 = Debug|Win32
		{B2606ADB-36FB-4482-948F-A60973C06C3E}.Release|Win32.ActiveCfg = Release|Win32
		{B2606ADB-36FB-4482-948F-A60973C06C3E}.Release|Win32.Build.0 = Release|Win32
		{76AC3D9B-4EDB-4C5B-9A91-D4330A2C0E9E}.Debug|Win32.ActiveCfg = Debug|Win32
		{76AC3D9B-4EDB-4C5B-9A91-D4330A2C0E9E}.Debug|Win32.Build.0 = Debug|Win32
		{76AC3D9B-4EDB-4C5B-9A91-D4330A2C0E9E}.Release|Win32.ActiveCfg = Release|Win32
		{76AC3D9B-4EDB-4C5B-9A91-D4330A2C0E9E}.Release|Win32.Build.0 = Release|Win32
		{04DA4582-5AC8-4378-842F-6B4D5FFF786E}.Debug|Win32.ActiveCfg = Debug|Win32
		{04DA4582-5AC8-4378-842F-6B4D5FFF786E}.Debug|Win32.Build.0 = Debug|Win32
		{04DA4582-5AC8-4378-842F-6B4D5FFF786E}.Release|Win32.ActiveCfg = Release|Win32
		{04DA4582-5AC8-4378-842F-6B4D5FFF786E}.Release|Win32.Build.0 = Release|Win32
		{B14D69BC-BE23-47CB-8581-2166987F21B5}.Debug|Win32.ActiveCfg = Debug|Win32
		{B14D69BC-BE23-47CB-8581-2166987F21B5}.Debug|Win32.Build.0 = Debug|Win32
		{B14D69BC-BE23-47CB-8581-2166987F21B5}.Release|Win32.ActiveCfg = Release|Win32
		{B14D69BC-BE23-47CB-8581-2166987F21B5}.Release|Win32.Build.0 = Release|Win32
		{9FB5647A-5198-4C8F-AEDB-D1DD7F15E1E3}.Debug|Win32.ActiveCfg = Debug|Win32
		{9FB5647A-5198-4C8F-AEDB-D1DD7F15E1E3}.Debug|Win32.Build.0 = Debug|Win32
		{9FB5647A-5198-4C8F-AEDB-D1DD7F15E1E3}.Release|Win32.ActiveCfg = Release|Win32
		{9FB5647A-5198-4C8F-AEDB-D1DD7F15E1E3}.Release|Win32.Build.0 = Release|Win32
		{FC4328D5-8E56-4648-A5AC-188564702CB6}.Debug|Win32.ActiveCfg = Debug|Win32
		{FC4328D5-8E56-4648-A5AC-188564702CB6}.Debug|Win32.Build.0 = Debug|Win32
		{FC4328D5-8E56-4648-A5AC-188564702CB6}.Release|Win32.ActiveCfg = Release|Win32
		{FC4328D5-8E56-4648-A5AC-188564702CB6}.Release|Win32.Build.0 = Release|Win32
		{002A4176-8876-41B1-8EED-26F201D4A54B}.Debug|Win32.ActiveCfg = Debug|Win32
		{002A4176-8876-41B1-8EED-26F201D4A54B}.Debug|Win32.Build.0 = Debug|Win32
		{002A4176-8876-41B1-8EED-26F201D4A54B}.Release|Win32.ActiveCfg = Release|Win32
		{002A4176-8876-41B1-8EED-26F201D4A54B}.Release|Win32.Build.0 = Release|Win32
		{067FF2B0-4E7D-4F95-B819-FB58DB58BCC0}.Debug|Win32.ActiveCfg = Debug|Win32
		{067FF2B0-4E7D-4F95-B819-FB58DB58BCC0}.Debug|Win32.Build.0 = Debug|Win32
		{067FF2B0-4E7D-4F95-B819-FB58DB58BCC0}.Release|Win32.ActiveCfg = Release|Win32
		{067FF2B0-4E7D-4F95-B819-FB58DB58BCC0}.Release|Win32.Build.0 = Release|Win32
		{06A014CC-21CC-4F6A-81DB-76587B613004}.Debug|Win32.ActiveCfg = Debug|Win32
		{06A014CC-21CC-4F6A-81DB-76587B613004}.Debug|Win32.Build.0 = Debug|Win32
		{06A014CC-21CC-4F6A-81DB-76587B613004}.Release|Win32.ActiveCfg = Release|Win32
		{06A014CC-21CC-4F6A-81DB-76587B613004}.Release|Win32.Build.0 = Release|Win32
		{FE95AA7A-1280-4470-9D79-0CFC7389A1CC}.Debug|Win32.ActiveCfg = Debug|Win32
		{FE95AA7A-1280-4470-9D79-0CFC7389A1CC}.Debug|Win32.Build.0 = Debug|Win32
		{FE95AA7A-1280-4470-9D79-0CFC7389A1CC}.Release|Win32.ActiveCfg = Release|Win32
		{FE95AA7A-1280-4470-9D79-0CFC7389A1CC}.Release|Win32.Build.0 = Release|Win32
		{A0BD3F32-6725-4B47-8CF1-E6B2E905C223}.Debug|Win32.ActiveCfg = Debug|Win32
		{A0BD3F32-6725-4B47-8CF1-E6B2E905C223}.Debug|Win32.Build.0 = Debug|Win32
		{A0BD3F32-6725-4B47-8CF1-E6B2E905C223}.Release|Win32.ActiveCfg = Release|Win32
		{A0BD3F32-6725-4B47-8CF1-E6B2E905C223}.Release|Win32.Build.0 = Release|Win32
		{0ABBE330-1256-4065-9C43-84468AEE05B4}.Debug|Win32.ActiveCfg = Debug|Win32
		{0ABBE330-1256-4065-9C43-84468AEE05B4}.Debug|Win32.Build.0 = Debug|Win32
		{0ABBE330-1256-4065-9C43-84468AEE05B4}.Release|Win32.ActiveCfg = Release|Win32
		{0ABBE330-1256-4065-9C43-84468AEE05B4}.Release|Win32.Build.0 = Release|Win32
		{2F961DC5-DDC5-4613-9D8F-437328E6AE4A}.Debug|Win32.ActiveCfg = Debug|Win32
		{2F961DC5-DDC5-4613-9D8F-437328E6AE4A}.Debug|Win32.Build.0 = Debug|Win32
		{2F961DC5-DDC5-4613-9D8F-437328E6AE4A}.Release|Win32.ActiveCfg = Release|Win32
		{2F961DC5-DDC5-4613-9D8F-437328E6AE4A}.Release|Win32.Build.0 = Release|Win32
		{43F2F9BC-E576-4D7D-89E1-32F8ACE7C425}.Debug|Win32.ActiveCfg = Debug|Win32
		{43F2F9BC-E576-4D7D-89E1-32F8ACE7C425}.Debug|Win32.Build.0 = Debug|Win32
		{43F2F9BC-E576-4D7D-89E1-32F8ACE7C425}.Release|Win32.ActiveCfg = Release|Win32
		{43F2F9BC-E576-4D7D-89E1-32F8ACE7C425}.Release|Win32.Build.0 = Release|Win32
		{5F491A18-10F1-4E74-A773-35069EB4E539}.Debug|Win32.ActiveCfg = Debug|Win32
		{5F491A18-10F1-4E74-A773-35069EB4E539}.Debug|Win32.Build.0 = Debug|Win32
		{5F491A18-10F1-4E74-A773-35069EB4E539}.Release|Win32.ActiveCfg = Release|Win32
		{5F491A18-10F1-4E74-A773-35069EB4E539}.Release|Win32.Build.0 = Release|Win32
		{1F36223D-E641-447D-9C62-B174539DA3E6}.Debug|Win32.ActiveCfg = Debug|Win32
		{1F36223D-E641-447D-9C62-B174539DA3E6}.Debug|Win32.Build.0 = Debug|Win32
		{1F36223D-E641-447D-9C62-B174539DA3E6}.Release|Win32.ActiveCfg = Release|Win32
		{1F36223D-E641-447D-9C62-B174539DA3E6}.Release|Win32.Build.0 = Release|Win32
		{0FD9DB4D-6FDB-470A-8B47-10D28E8790A4}.Debug|Win32.ActiveCfg = Debug|Win32
		{0FD9DB4D-6FDB-470A-8B47-10D28E8790A4}.Debug|Win32.Build.0 = Debug|Win32
		{0FD9DB4D-6FDB-470A-8B47-10D28E8790A4}.Release|Win32.ActiveCfg = Release|Win32
		{0FD9DB4D-6FDB-470A-8B47-10D28E8790A4}.Release|Win32.Build.0 = Release|Win32
		{4D13D4C9-36BA-4D35-B6CF-18CB921E94CF}.Debug|Win32.ActiveCfg = Debug|Win32
		{4D13D4C9-36BA-4D35-B6CF-18CB921E94CF}.Debug|Win32.Build.0 = Debug|Win32
		{4D13D4C9-36BA-4D35-B6CF-18CB921E94CF}.Release|Win32.ActiveCfg = Release|Win32
		{4D13D4C9-36BA-4D35-B6CF-18CB921E94CF}.Release|Win32.Build.0 = Release|Win32
		{FAC980F4-0C05-48CD-A4A7-434284A32DDB}.Debug|Win32.ActiveCfg = Debug|Win32
		{FAC980F4-0C05-48CD-A4A7-434284A32DDB}.Debug|Win32.Build.0 = Debug|Win32
		{FAC980F4-0C05-48CD-A4A7-434284A32DDB}.Release|Win32.ActiveCfg = Release|Win32
		{FAC980F4-0C05-48CD-A4A7-434284A32DDB}.Release|Win32.Build.0 = Release|Win32
		{43B67F68-A4BA-4A7C-B88A-08805884AB62}.Debug|Win32.ActiveCfg = Debug|Win32
		{43B67F68-A4BA-4A7C-B88A-08805884AB62}.Debug|Win32.Build.0 = Debug|Win32
		{43B67F68-A4BA-4A7C-B88A-08805884AB62}.Release|Win32.ActiveCfg = Release|Win32
		{43B67F68-A4BA-4A7C-B88A-08805884AB62}.Release|Win32.Build.0 = Release|Win32
		{9AC61923-EDF5-4AFD-9E11-62A3C6CB38B4}.Debug|Win32.ActiveCfg = Debug|Win32
		{9AC61923-EDF5-4AFD-9E11-62A3C6CB38B4}.Debug|Win32.Build.0 = Debug|Win32
		{9AC61923-EDF5-4AFD-9E11-62A3C6CB38B4}.Release|Win32.ActiveCfg = Release|Win32
		{9AC61923-EDF5-4AFD-9E11-62A3C6CB38B4}.Release|Win32.Build.0 = Release|Win32
		{EFC2CEE2-0239-4ADC-B353-CCF97718693F}.Debug|Win32.ActiveCfg = Debug|Win32
		{EFC2CEE2-0239-4ADC-B353-CCF97718693F}.Debug|Win32.Build.0 = Debug|Win32
		{EFC2CEE2-0239-4ADC-B353-CCF97718693F}.Release|Win32.ActiveCfg = Release|Win32
		{EFC2CEE2-0239-4ADC-B353-CCF97718693F}.Release|Win32.Build.0 = Release|Win32
		{A2E2D1FF-C164-4520-BC29-E1A3D82AAB86}.Debug|Win32.ActiveCfg = Debug|Win32
		{A2E2D1FF-C164-4520-BC29-E1A3D82AAB86}.Debug|Win32.Build.0 = Debug|Win32
		{A2E2D1FF-C164-4520-BC29-E1A3D82AAB86}.Release|Win32.ActiveCfg = Release|Win32
		{A2E2D1FF-C164-4520-BC29-E1A3D82AAB86}.Release|Win32.Build.0 = Release|Win32
		{29D92760-AD7D-47EF-803A-5A69EA8FE9A5}.Debug|Win32.ActiveCfg = Debug|Win32
		{29D92760-AD7D-47EF-803A-5A69EA8FE9A5}.Debug|Win32.Build.0 = Debug|Win32
		{29D92760-AD7D-47EF-803A-5A69EA8FE9A5}.Release|Win32.ActiveCfg = Release|Win32
		{29D92760-AD7D-47EF-803A-5A69EA8FE9A5}.Release|Win32.Build.0 = Release|Win32
		{9376D8C3-61A8-46D8-A168-606BA6FD5E29}.Debug|Win32.ActiveCfg = Debug|Win32
		{9376D8C3-61A8-46D8-A168-606BA6FD5E29}.Debug|Win32.Build.0 = Debug|Win32
		{9376D8C3-61A8-46D8-A168-606BA6FD5E29}.Release|Win32.ActiveCfg = Release|Win32
		{9376D8C3-61A8-46D8-A168-606BA6FD5E29}.Release|Win32.Build.0 = Release|Win32
		{9D1ECEC5-DAF7-4021-9DB4-0B64CDC532A6}.Debug|Win32.ActiveCfg = Debug|Win32
		{9D1ECEC5-DAF7-4021-9DB4-0B64CDC532A6}.Debug|Win32.Build.0 = Debug|Win32
		{9D1ECEC5-DAF7-4021-9DB4-0B64CDC532A6}.Release|Win32.ActiveCfg = Release|Win32
		{9D1ECEC5-DAF7-4021-9DB4-0B64CDC532A6}.Release|Win32.Build.0 = Release|Win32
		{CBF434CD-883D-4CA8-ACF7-741C45BEC6DB}.Debug|Win32.ActiveCfg = Debug|Win32
		{CBF434CD-883D-4CA8-ACF7-741C45BEC6DB}.Debug|Win32.Build.0 = Debug|Win32
		{CBF434CD-883D-4CA8-ACF7-741C45BEC6DB}.Release|Win32.ActiveCfg = Release|Win32
		{CBF434CD-883D-4CA8-ACF7-741C45BEC6DB}.Release|Win32.Build.0 = Release|Win32
		{645250C0-63D8-4742-ADB3-8C1F22BF71DC}.Debug|Win32.ActiveCfg = Debug|Win32
		{645250C0-63D8-4742-ADB3-8C1F22BF71DC}.Debug|Win32.Build.0 = Debug|Win32
		{645250C0-63D8-4742-ADB3-8C1F22BF71DC}.Release|Win32.ActiveCfg = Release|Win32
		{645250C0-63D8-4742-ADB3-8C1F22BF71DC}.Release|Win32.Build.0 = Release|Win32
		{C26C3BDC-9551-473D-9606-B84F7D4D8768}.Debug|Win32.ActiveCfg = Debug|Win32
		{C26C3BDC-9551-473D-9606-B84F7D4D8768}.Debug|Win32.Build.0 = Debug|Win32
		{C26C3BDC-9551-473D-9606-B84F7D4D8768}.Release|Win32.ActiveCfg = Release|Win32
		{C26C3BDC-9551-473D-9606-B84F7D4D8768}.Release|Win32.Build.0 = Release|Win32
		{531D0C7D-79D1-427D-8FE2-53F78B93D154}.Debug|Win32.ActiveCfg = Debug|Win32
		{531D0C7D-79D1-427D-8FE2-53F78B93D154}.Debug|Win32.Build.0 = Debug|Win32
		{531D0C7D-79D1-427D-8FE2-53F78B93D154}.Release|Win32.ActiveCfg = Release|Win32
		{531D0C7D-79D1-427D-8FE2-53F78B93D154}.Release|Win32.Build.0 = Release|Win32
	EndGlobalSection
	GlobalSection(SolutionProperties) = preSolution
		HideSolutionNode = FALSE
	EndGlobalSection
EndGlobal
